
Microsoft Visual Studio Solution File, Format Version 12.00
# Visual Studio Version 17
VisualStudioVersion = 17.9.34728.123
MinimumVisualStudioVersion = 10.0.40219.1
Project("{FAE04EC0-301F-11D3-BF4B-00C04F79EFBC}") = "Mnogochlen", "Mnogochlen.csproj", "{0857A1A3-EAE5-4660-A1E6-C1BF14A5DA6C}"
EndProject
Global
	GlobalSection(SolutionConfigurationPlatforms) = preSolution
		Debug|Any CPU = Debug|Any CPU
		Release|Any CPU = Release|Any CPU
	EndGlobalSection
	GlobalSection(ProjectConfigurationPlatforms) = postSolution
		{0857A1A3-EAE5-4660-A1E6-C1BF14A5DA6C}.Debug|Any CPU.ActiveCfg = Debug|Any CPU
		{0857A1A3-EAE5-4660-A1E6-C1BF14A5DA6C}.Debug|Any CPU.Build.0 = Debug|Any CPU
		{0857A1A3-EAE5-4660-A1E6-C1BF14A5DA6C}.Release|Any CPU.ActiveCfg = Release|Any CPU
		{0857A1A3-EAE5-4660-A1E6-C1BF14A5DA6C}.Release|Any CPU.Build.0 = Release|Any CPU
	EndGlobalSection
	GlobalSection(SolutionProperties) = preSolution
		HideSolutionNode = FALSE
	EndGlobalSection
	GlobalSection(ExtensibilityGlobals) = postSolution
		SolutionGuid = {4F2C6EEE-09CE-4B0C-989F-7AF6EA07F382}
	EndGlobalSection
EndGlobal
