
Microsoft Visual Studio Solution File, Format Version 12.00
# Visual Studio Version 17
VisualStudioVersion = 17.9.34728.123
MinimumVisualStudioVersion = 10.0.40219.1
Project("{FAE04EC0-301F-11D3-BF4B-00C04F79EFBC}") = "VICHISLI", "VICHISLI.csproj", "{72438270-6D51-4A8C-8CA1-8BA9EB74C7E4}"
EndProject
Global
	GlobalSection(SolutionConfigurationPlatforms) = preSolution
		Debug|Any CPU = Debug|Any CPU
		Release|Any CPU = Release|Any CPU
	EndGlobalSection
	GlobalSection(ProjectConfigurationPlatforms) = postSolution
		{72438270-6D51-4A8C-8CA1-8BA9EB74C7E4}.Debug|Any CPU.ActiveCfg = Debug|Any CPU
		{72438270-6D51-4A8C-8CA1-8BA9EB74C7E4}.Debug|Any CPU.Build.0 = Debug|Any CPU
		{72438270-6D51-4A8C-8CA1-8BA9EB74C7E4}.Release|Any CPU.ActiveCfg = Release|Any CPU
		{72438270-6D51-4A8C-8CA1-8BA9EB74C7E4}.Release|Any CPU.Build.0 = Release|Any CPU
	EndGlobalSection
	GlobalSection(SolutionProperties) = preSolution
		HideSolutionNode = FALSE
	EndGlobalSection
	GlobalSection(ExtensibilityGlobals) = postSolution
		SolutionGuid = {7057E87A-7B32-4569-9007-37A778DE2149}
	EndGlobalSection
EndGlobal
