
Microsoft Visual Studio Solution File, Format Version 12.00
# Visual Studio Version 17
VisualStudioVersion = 17.9.34728.123
MinimumVisualStudioVersion = 10.0.40219.1
Project("{FAE04EC0-301F-11D3-BF4B-00C04F79EFBC}") = "KOMPLEKS", "KOMPLEKS.csproj", "{B502850B-D10E-427F-9DDA-AB69E289C617}"
EndProject
Global
	GlobalSection(SolutionConfigurationPlatforms) = preSolution
		Debug|Any CPU = Debug|Any CPU
		Release|Any CPU = Release|Any CPU
	EndGlobalSection
	GlobalSection(ProjectConfigurationPlatforms) = postSolution
		{B502850B-D10E-427F-9DDA-AB69E289C617}.Debug|Any CPU.ActiveCfg = Debug|Any CPU
		{B502850B-D10E-427F-9DDA-AB69E289C617}.Debug|Any CPU.Build.0 = Debug|Any CPU
		{B502850B-D10E-427F-9DDA-AB69E289C617}.Release|Any CPU.ActiveCfg = Release|Any CPU
		{B502850B-D10E-427F-9DDA-AB69E289C617}.Release|Any CPU.Build.0 = Release|Any CPU
	EndGlobalSection
	GlobalSection(SolutionProperties) = preSolution
		HideSolutionNode = FALSE
	EndGlobalSection
	GlobalSection(ExtensibilityGlobals) = postSolution
		SolutionGuid = {DD1DDAA8-EAFC-44A7-9CDF-542CCC07881C}
	EndGlobalSection
EndGlobal
