
Microsoft Visual Studio Solution File, Format Version 12.00
# Visual Studio Version 17
VisualStudioVersion = 17.9.34728.123
MinimumVisualStudioVersion = 10.0.40219.1
Project("{FAE04EC0-301F-11D3-BF4B-00C04F79EFBC}") = "TRЕUGOLNIK", "TRЕUGOLNIK.csproj", "{D3C60022-15F0-429F-ADE0-DD4F2F3E1C5A}"
EndProject
Global
	GlobalSection(SolutionConfigurationPlatforms) = preSolution
		Debug|Any CPU = Debug|Any CPU
		Release|Any CPU = Release|Any CPU
	EndGlobalSection
	GlobalSection(ProjectConfigurationPlatforms) = postSolution
		{D3C60022-15F0-429F-ADE0-DD4F2F3E1C5A}.Debug|Any CPU.ActiveCfg = Debug|Any CPU
		{D3C60022-15F0-429F-ADE0-DD4F2F3E1C5A}.Debug|Any CPU.Build.0 = Debug|Any CPU
		{D3C60022-15F0-429F-ADE0-DD4F2F3E1C5A}.Release|Any CPU.ActiveCfg = Release|Any CPU
		{D3C60022-15F0-429F-ADE0-DD4F2F3E1C5A}.Release|Any CPU.Build.0 = Release|Any CPU
	EndGlobalSection
	GlobalSection(SolutionProperties) = preSolution
		HideSolutionNode = FALSE
	EndGlobalSection
	GlobalSection(ExtensibilityGlobals) = postSolution
		SolutionGuid = {9FDB1792-B992-41ED-99AE-DECF797C8350}
	EndGlobalSection
EndGlobal
