
Microsoft Visual Studio Solution File, Format Version 12.00
# Visual Studio Version 17
VisualStudioVersion = 17.9.34728.123
MinimumVisualStudioVersion = 10.0.40219.1
Project("{FAE04EC0-301F-11D3-BF4B-00C04F79EFBC}") = "SDVIG", "SDVIG.csproj", "{547FADED-F166-461C-B496-A1426D5CAA3D}"
EndProject
Global
	GlobalSection(SolutionConfigurationPlatforms) = preSolution
		Debug|Any CPU = Debug|Any CPU
		Release|Any CPU = Release|Any CPU
	EndGlobalSection
	GlobalSection(ProjectConfigurationPlatforms) = postSolution
		{547FADED-F166-461C-B496-A1426D5CAA3D}.Debug|Any CPU.ActiveCfg = Debug|Any CPU
		{547FADED-F166-461C-B496-A1426D5CAA3D}.Debug|Any CPU.Build.0 = Debug|Any CPU
		{547FADED-F166-461C-B496-A1426D5CAA3D}.Release|Any CPU.ActiveCfg = Release|Any CPU
		{547FADED-F166-461C-B496-A1426D5CAA3D}.Release|Any CPU.Build.0 = Release|Any CPU
	EndGlobalSection
	GlobalSection(SolutionProperties) = preSolution
		HideSolutionNode = FALSE
	EndGlobalSection
	GlobalSection(ExtensibilityGlobals) = postSolution
		SolutionGuid = {287A2935-1BDA-4021-BE3B-95E40B7B41BB}
	EndGlobalSection
EndGlobal
